
Microsoft Visual Studio Solution File, Format Version 11.00
# Visual C++ Express 2010
Project("{8BC9CEB8-8B4A-11D0-8D11-00A0C91BC942}") = "ComputerShop", "ComputerShop\ComputerShop.vcxproj", "{130BEF96-4D00-4B64-9B7A-83A3D6BB13CC}"
EndProject
Global
	GlobalSection(SolutionConfigurationPlatforms) = preSolution
		Debug|Win32 = Debug|Win32
		Release|Win32 = Release|Win32
	EndGlobalSection
	GlobalSection(ProjectConfigurationPlatforms) = postSolution
		{130BEF96-4D00-4B64-9B7A-83A3D6BB13CC}.Debug|Win32.ActiveCfg = Debug|Win32
		{130BEF96-4D00-4B64-9B7A-83A3D6BB13CC}.Debug|Win32.Build.0 = Debug|Win32
		{130BEF96-4D00-4B64-9B7A-83A3D6BB13CC}.Release|Win32.ActiveCfg = Release|Win32
		{130BEF96-4D00-4B64-9B7A-83A3D6BB13CC}.Release|Win32.Build.0 = Release|Win32
	EndGlobalSection
	GlobalSection(SolutionProperties) = preSolution
		HideSolutionNode = FALSE
	EndGlobalSection
EndGlobal
